<?xml version="1.0" encoding="utf-8"?>
<Project ToolsVersion="4.0" xmlns="http://schemas.microsoft.com/developer/msbuild/2003">
  <ItemGroup>
    <Filter Include="ソース ファイル">
      <UniqueIdentifier>{4FC737F1-C7A5-4376-A066-2A32D752A2FF}</UniqueIdentifier>
      <Extensions>cpp;c;cc;cxx;c++;cppm;ixx;def;odl;idl;hpj;bat;asm;asmx</Extensions>
    </Filter>
    <Filter Include="ヘッダー ファイル">
      <UniqueIdentifier>{93995380-89BD-4b04-88EB-625FBE52EBFB}</UniqueIdentifier>
      <Extensions>h;hh;hpp;hxx;h++;hm;inl;inc;ipp;xsd</Extensions>
    </Filter>
    <Filter Include="リソース ファイル">
      <UniqueIdentifier>{67DA6AB6-F800-4c08-8B7A-83BB121AAD01}</UniqueIdentifier>
      <Extensions>rc;ico;cur;bmp;dlg;rc2;rct;bin;rgs;gif;jpg;jpeg;jpe;resx;tiff;tif;png;wav;mfcribbon-ms</Extensions>
    </Filter>
    <Filter Include="ソース ファイル\Enemy">
      <UniqueIdentifier>{8061136a-7a9d-481c-ba26-98f230cd0482}</UniqueIdentifier>
    </Filter>
    <Filter Include="ソース ファイル\Player">
      <UniqueIdentifier>{702e795b-ec3c-40e4-a361-b0e6c57d38f5}</UniqueIdentifier>
    </Filter>
    <Filter Include="ソース ファイル\main">
      <UniqueIdentifier>{c14293ec-590c-46b9-9d92-098bac27858e}</UniqueIdentifier>
    </Filter>
    <Filter Include="ヘッダー ファイル\Enemy">
      <UniqueIdentifier>{372c89ab-ee09-4eda-8984-0db7e2b852e0}</UniqueIdentifier>
    </Filter>
    <Filter Include="ヘッダー ファイル\player">
      <UniqueIdentifier>{92eadf40-3756-48ae-a12d-cda0a55995b4}</UniqueIdentifier>
    </Filter>
    <Filter Include="ヘッダー ファイル\main">
      <UniqueIdentifier>{2b8d7c32-8ddb-4293-a8f2-7cbd5f74d923}</UniqueIdentifier>
    </Filter>
    <Filter Include="ソース ファイル\Enemy\Ground">
      <UniqueIdentifier>{d6596898-ca9f-4cb4-961d-0f602bb992ad}</UniqueIdentifier>
    </Filter>
    <Filter Include="ヘッダー ファイル\Enemy\Ground">
      <UniqueIdentifier>{7daa0bb7-6806-4f77-85cf-067e9f36741f}</UniqueIdentifier>
    </Filter>
    <Filter Include="ヘッダー ファイル\Enemy\Aerial">
      <UniqueIdentifier>{b404804f-624a-4814-abd6-5e36fd31a43d}</UniqueIdentifier>
    </Filter>
    <Filter Include="ソース ファイル\Enemy\Aerial">
      <UniqueIdentifier>{6ebdd930-5342-4234-b1b3-51531a448d61}</UniqueIdentifier>
    </Filter>
  </ItemGroup>
  <ItemGroup>
    <ClCompile Include="Enemy.cpp">
      <Filter>ソース ファイル\Enemy</Filter>
    </ClCompile>
    <ClCompile Include="Blaster.cpp">
      <Filter>ソース ファイル\Player</Filter>
    </ClCompile>
    <ClCompile Include="Cursor.cpp">
      <Filter>ソース ファイル\Player</Filter>
    </ClCompile>
    <ClCompile Include="Player.cpp">
      <Filter>ソース ファイル\Player</Filter>
    </ClCompile>
    <ClCompile Include="Zapper.cpp">
      <Filter>ソース ファイル\Player</Filter>
    </ClCompile>
    <ClCompile Include="Debug.cpp">
      <Filter>ソース ファイル\main</Filter>
    </ClCompile>
    <ClCompile Include="HitChecker.cpp">
      <Filter>ソース ファイル\main</Filter>
    </ClCompile>
    <ClCompile Include="LandingPoint.cpp">
      <Filter>ソース ファイル\Player</Filter>
    </ClCompile>
    <ClCompile Include="BulletManager.cpp">
      <Filter>ソース ファイル\Player</Filter>
    </ClCompile>
    <ClCompile Include="EnemyManager.cpp">
      <Filter>ソース ファイル\Enemy</Filter>
    </ClCompile>
    <ClCompile Include="Barra.cpp">
      <Filter>ソース ファイル\Enemy\Ground</Filter>
    </ClCompile>
    <ClCompile Include="Toroid.cpp">
      <Filter>ソース ファイル\Enemy\Aerial</Filter>
    </ClCompile>
    <ClCompile Include="BackGround.cpp">
      <Filter>ソース ファイル\main</Filter>
    </ClCompile>
    <ClCompile Include="AreaManager.cpp">
      <Filter>ソース ファイル\main</Filter>
    </ClCompile>
    <ClCompile Include="UI.cpp">
      <Filter>ソース ファイル\main</Filter>
    </ClCompile>
    <ClCompile Include="GameManager.cpp">
      <Filter>ソース ファイル\main</Filter>
    </ClCompile>
    <ClCompile Include="main.cpp">
      <Filter>ソース ファイル</Filter>
    </ClCompile>
    <ClCompile Include="Spario.cpp">
      <Filter>ソース ファイル\Enemy</Filter>
    </ClCompile>
    <ClCompile Include="Crater.cpp">
      <Filter>ソース ファイル\Enemy\Ground</Filter>
    </ClCompile>
    <ClCompile Include="SoundManager.cpp">
      <Filter>ソース ファイル\main</Filter>
    </ClCompile>
    <ClCompile Include="Zolbak.cpp">
      <Filter>ソース ファイル\Enemy\Ground</Filter>
    </ClCompile>
    <ClCompile Include="Logram.cpp">
      <Filter>ソース ファイル\Enemy\Ground</Filter>
    </ClCompile>
    <ClCompile Include="BozaLogram.cpp">
      <Filter>ソース ファイル\Enemy\Ground</Filter>
    </ClCompile>
    <ClCompile Include="ScoreManager.cpp">
      <Filter>ソース ファイル\main</Filter>
    </ClCompile>
    <ClCompile Include="Zoshi.cpp">
      <Filter>ソース ファイル\Enemy\Aerial</Filter>
    </ClCompile>
    <ClCompile Include="Torkan.cpp">
      <Filter>ソース ファイル\Enemy\Aerial</Filter>
    </ClCompile>
    <ClCompile Include="Jara.cpp">
      <Filter>ソース ファイル\Enemy\Aerial</Filter>
    </ClCompile>
    <ClCompile Include="Derota.cpp">
      <Filter>ソース ファイル\Enemy\Ground</Filter>
    </ClCompile>
    <ClCompile Include="Sol.cpp">
      <Filter>ソース ファイル\Enemy\Ground</Filter>
    </ClCompile>
    <ClCompile Include="SPFlag.cpp">
      <Filter>ソース ファイル\Enemy\Ground</Filter>
    </ClCompile>
    <ClCompile Include="Grobda.cpp">
      <Filter>ソース ファイル\Enemy\Ground</Filter>
    </ClCompile>
    <ClCompile Include="Giddospario.cpp">
      <Filter>ソース ファイル\Enemy\Aerial</Filter>
    </ClCompile>
    <ClCompile Include="HiddenMessage.cpp">
      <Filter>ソース ファイル\Enemy\Ground</Filter>
    </ClCompile>
  </ItemGroup>
  <ItemGroup>
    <ClInclude Include="BulletManager.h">
      <Filter>ヘッダー ファイル\player</Filter>
    </ClInclude>
    <ClInclude Include="Blaster.h">
      <Filter>ヘッダー ファイル\player</Filter>
    </ClInclude>
    <ClInclude Include="Cursor.h">
      <Filter>ヘッダー ファイル\player</Filter>
    </ClInclude>
    <ClInclude Include="Player.h">
      <Filter>ヘッダー ファイル\player</Filter>
    </ClInclude>
    <ClInclude Include="LandingPoint.h">
      <Filter>ヘッダー ファイル\player</Filter>
    </ClInclude>
    <ClInclude Include="Zapper.h">
      <Filter>ヘッダー ファイル\player</Filter>
    </ClInclude>
    <ClInclude Include="HitChecker.h">
      <Filter>ヘッダー ファイル\main</Filter>
    </ClInclude>
    <ClInclude Include="Xevious_clone.h">
      <Filter>ヘッダー ファイル\main</Filter>
    </ClInclude>
    <ClInclude Include="Debug.h">
      <Filter>ヘッダー ファイル\main</Filter>
    </ClInclude>
    <ClInclude Include="Enemy.h">
      <Filter>ヘッダー ファイル\Enemy</Filter>
    </ClInclude>
    <ClInclude Include="EnemyManager.h">
      <Filter>ヘッダー ファイル\Enemy</Filter>
    </ClInclude>
    <ClInclude Include="Barra.h">
      <Filter>ヘッダー ファイル\Enemy\Ground</Filter>
    </ClInclude>
    <ClInclude Include="Toroid.h">
      <Filter>ヘッダー ファイル\Enemy\Aerial</Filter>
    </ClInclude>
    <ClInclude Include="BackGround.h">
      <Filter>ヘッダー ファイル\main</Filter>
    </ClInclude>
    <ClInclude Include="AreaManager.h">
      <Filter>ヘッダー ファイル\main</Filter>
    </ClInclude>
    <ClInclude Include="UI.h">
      <Filter>ヘッダー ファイル\main</Filter>
    </ClInclude>
    <ClInclude Include="GameManager.h">
      <Filter>ヘッダー ファイル\main</Filter>
    </ClInclude>
    <ClInclude Include="main.h">
      <Filter>ヘッダー ファイル</Filter>
    </ClInclude>
    <ClInclude Include="Spario.h">
      <Filter>ヘッダー ファイル\Enemy</Filter>
    </ClInclude>
    <ClInclude Include="Crater.h">
      <Filter>ヘッダー ファイル\Enemy\Ground</Filter>
    </ClInclude>
    <ClInclude Include="SoundManager.h">
      <Filter>ヘッダー ファイル\main</Filter>
    </ClInclude>
    <ClInclude Include="ScoreManager.h">
      <Filter>ヘッダー ファイル\main</Filter>
    </ClInclude>
    <ClInclude Include="EnemyManagerConst.h">
      <Filter>ヘッダー ファイル\Enemy</Filter>
    </ClInclude>
    <ClInclude Include="Zolbak.h">
      <Filter>ヘッダー ファイル\Enemy\Ground</Filter>
    </ClInclude>
    <ClInclude Include="Logram.h">
      <Filter>ヘッダー ファイル\Enemy\Ground</Filter>
    </ClInclude>
    <ClInclude Include="BozaLogram.h">
      <Filter>ヘッダー ファイル\Enemy\Ground</Filter>
    </ClInclude>
    <ClInclude Include="Zoshi.h">
      <Filter>ヘッダー ファイル\Enemy\Aerial</Filter>
    </ClInclude>
    <ClInclude Include="Torkan.h">
      <Filter>ヘッダー ファイル\Enemy\Aerial</Filter>
    </ClInclude>
    <ClInclude Include="Jara.h">
      <Filter>ヘッダー ファイル\Enemy\Aerial</Filter>
    </ClInclude>
    <ClInclude Include="Derota.h">
      <Filter>ヘッダー ファイル\Enemy\Ground</Filter>
    </ClInclude>
    <ClInclude Include="Sol.h">
      <Filter>ヘッダー ファイル\Enemy\Ground</Filter>
    </ClInclude>
    <ClInclude Include="SPFlag.h">
      <Filter>ヘッダー ファイル\Enemy\Ground</Filter>
    </ClInclude>
    <ClInclude Include="Grobda.h">
      <Filter>ヘッダー ファイル\Enemy\Ground</Filter>
    </ClInclude>
    <ClInclude Include="Giddospario.h">
      <Filter>ヘッダー ファイル\Enemy\Aerial</Filter>
    </ClInclude>
    <ClInclude Include="HiddenMessage.h">
      <Filter>ヘッダー ファイル\Enemy\Ground</Filter>
    </ClInclude>
  </ItemGroup>
</Project>